
Microsoft Visual Studio Solution File, Format Version 12.00
# Visual Studio 15
Project("{FAE04EC0-301F-11D3-BF4B-00C04F79EFBC}") = "Assembly-CSharp", "Assembly-CSharp.csproj", "{537A5B13-62FA-6FF0-AB08-BC68F38B1F2A}"
EndProject
Global
	GlobalSection(SolutionConfigurationPlatforms) = preSolution
		Debug|Any CPU = Debug|Any CPU
		Release|Any CPU = Release|Any CPU
	EndGlobalSection
	GlobalSection(ProjectConfigurationPlatforms) = postSolution
		{537A5B13-62FA-6FF0-AB08-BC68F38B1F2A}.Debug|Any CPU.ActiveCfg = Debug|Any CPU
		{537A5B13-62FA-6FF0-AB08-BC68F38B1F2A}.Debug|Any CPU.Build.0 = Debug|Any CPU
		{537A5B13-62FA-6FF0-AB08-BC68F38B1F2A}.Release|Any CPU.ActiveCfg = Release|Any CPU
		{537A5B13-62FA-6FF0-AB08-BC68F38B1F2A}.Release|Any CPU.Build.0 = Release|Any CPU
	EndGlobalSection
	GlobalSection(SolutionProperties) = preSolution
		HideSolutionNode = FALSE
	EndGlobalSection
EndGlobal
